<?xml version="1.0" encoding="utf-8"?>
<Project ToolsVersion="4.0" xmlns="http://schemas.microsoft.com/developer/msbuild/2003">
  <ItemGroup>
    <ClCompile Include="Main.cpp" />
    <ClCompile Include="Includes\glad\glad.c" />
  </ItemGroup>
  <ItemGroup>
    <None Include="Shaders\FontSpriteVertexShader.glsl" />
    <None Include="Shaders\FontSpriteFragmentShader.glsl" />
  </ItemGroup>
  <ItemGroup>
    <ClInclude Include="GLUtils\ShaderProgram.hpp" />
    <ClInclude Include="WindowsUtilities.hpp" />
  </ItemGroup>
</Project>